// !$*UTF8*$!
{
	archiveVersion = 1;
	classes = {
	};
	objectVersion = 50;
	objects = {

/* Begin PBXBuildFile section */
		2CABAF242135C011009F54D6 /* AppDelegate.swift in Sources */ = {isa = PBXBuildFile; fileRef = 2CABAF232135C011009F54D6 /* AppDelegate.swift */; };
		2CABAF292135C011009F54D6 /* Main.storyboard in Resources */ = {isa = PBXBuildFile; fileRef = 2CABAF272135C011009F54D6 /* Main.storyboard */; };
		2CABAF2C2135C011009F54D6 /* TravelChallenge.xcdatamodeld in Sources */ = {isa = PBXBuildFile; fileRef = 2CABAF2A2135C011009F54D6 /* TravelChallenge.xcdatamodeld */; };
		2CABAF2E2135C012009F54D6 /* Assets.xcassets in Resources */ = {isa = PBXBuildFile; fileRef = 2CABAF2D2135C012009F54D6 /* Assets.xcassets */; };
		2CABAF312135C012009F54D6 /* LaunchScreen.storyboard in Resources */ = {isa = PBXBuildFile; fileRef = 2CABAF2F2135C012009F54D6 /* LaunchScreen.storyboard */; };
		2CABAF3C2135C012009F54D6 /* TravelChallengeTests.swift in Sources */ = {isa = PBXBuildFile; fileRef = 2CABAF3B2135C012009F54D6 /* TravelChallengeTests.swift */; };
		2CABAF472135C012009F54D6 /* TravelChallengeUITests.swift in Sources */ = {isa = PBXBuildFile; fileRef = 2CABAF462135C012009F54D6 /* TravelChallengeUITests.swift */; };
		2CABAF552135C19D009F54D6 /* CoreDataManager.swift in Sources */ = {isa = PBXBuildFile; fileRef = 2CABAF542135C19D009F54D6 /* CoreDataManager.swift */; };
		2CABAF5A2135C2CB009F54D6 /* ErrorHandler.swift in Sources */ = {isa = PBXBuildFile; fileRef = 2CABAF592135C2CB009F54D6 /* ErrorHandler.swift */; };
		2CABAF5D2135C349009F54D6 /* ColorPalette.swift in Sources */ = {isa = PBXBuildFile; fileRef = 2CABAF5C2135C349009F54D6 /* ColorPalette.swift */; };
		2CABAF642136E480009F54D6 /* TravelRepository.swift in Sources */ = {isa = PBXBuildFile; fileRef = 2CABAF632136E480009F54D6 /* TravelRepository.swift */; };
		2CABAF66213720D2009F54D6 /* ExpenseRepository.swift in Sources */ = {isa = PBXBuildFile; fileRef = 2CABAF65213720D2009F54D6 /* ExpenseRepository.swift */; };
		2CABAF692137244E009F54D6 /* ExpenseCategory.swift in Sources */ = {isa = PBXBuildFile; fileRef = 2CABAF682137244E009F54D6 /* ExpenseCategory.swift */; };
		2CABAF6C21372655009F54D6 /* ExpenseDto.swift in Sources */ = {isa = PBXBuildFile; fileRef = 2CABAF6B21372655009F54D6 /* ExpenseDto.swift */; };
		2CABAF6E21372E97009F54D6 /* TravelDto.swift in Sources */ = {isa = PBXBuildFile; fileRef = 2CABAF6D21372E97009F54D6 /* TravelDto.swift */; };
		2CB4D7D121380EF60056CA6B /* TravelDao.swift in Sources */ = {isa = PBXBuildFile; fileRef = 2CB4D7D021380EF60056CA6B /* TravelDao.swift */; };
		2CB4D7D321381ECB0056CA6B /* ExpenseDao.swift in Sources */ = {isa = PBXBuildFile; fileRef = 2CB4D7D221381ECB0056CA6B /* ExpenseDao.swift */; };
		2CB4D7D52138320E0056CA6B /* SwiftExtensions.swift in Sources */ = {isa = PBXBuildFile; fileRef = 2CB4D7D42138320E0056CA6B /* SwiftExtensions.swift */; };
		2CB4D7DB213D7F750056CA6B /* AddOrEditTripDelegate.swift in Sources */ = {isa = PBXBuildFile; fileRef = 2CB4D7DA213D7F750056CA6B /* AddOrEditTripDelegate.swift */; };
		42CAD451F9DD59B4577610C8 /* Pods_TravelChallengeUITests.framework in Frameworks */ = {isa = PBXBuildFile; fileRef = 65959FF8E0002E915E0CBE50 /* Pods_TravelChallengeUITests.framework */; };
		4FFF3B8BF4F8EE2BACACF631 /* Pods_TravelChallenge.framework in Frameworks */ = {isa = PBXBuildFile; fileRef = 6EFFFB9BA015B8C76432849F /* Pods_TravelChallenge.framework */; };
		BE45B73821397F4200AD476D /* Colors.xcassets in Resources */ = {isa = PBXBuildFile; fileRef = BE45B73721397F4200AD476D /* Colors.xcassets */; };
		BE5D846F21381BB800DB2B80 /* MainViewController.swift in Sources */ = {isa = PBXBuildFile; fileRef = BE5D846E21381BB800DB2B80 /* MainViewController.swift */; };
		BE5D8471213829EE00DB2B80 /* ExpenseProgressCard.xib in Resources */ = {isa = PBXBuildFile; fileRef = BE5D8470213829EE00DB2B80 /* ExpenseProgressCard.xib */; };
		BE5D847321382A5C00DB2B80 /* ExpenseProgressCardView.swift in Sources */ = {isa = PBXBuildFile; fileRef = BE5D847221382A5C00DB2B80 /* ExpenseProgressCardView.swift */; };
		BE5D8475213D80EF00DB2B80 /* NotificationController.swift in Sources */ = {isa = PBXBuildFile; fileRef = BE5D8474213D80EF00DB2B80 /* NotificationController.swift */; };
		BE5D8477213D82C900DB2B80 /* NotificationContent.swift in Sources */ = {isa = PBXBuildFile; fileRef = BE5D8476213D82C900DB2B80 /* NotificationContent.swift */; };
		BE5D8479213EB31700DB2B80 /* DismissAnimator.swift in Sources */ = {isa = PBXBuildFile; fileRef = BE5D8478213EB31700DB2B80 /* DismissAnimator.swift */; };
		BE5D847B213EC3DB00DB2B80 /* Interactor.swift in Sources */ = {isa = PBXBuildFile; fileRef = BE5D847A213EC3DB00DB2B80 /* Interactor.swift */; };
		BE8DFACB2136E461006B5212 /* NewTripViewController.swift in Sources */ = {isa = PBXBuildFile; fileRef = BE8DFACA2136E461006B5212 /* NewTripViewController.swift */; };
		BE8DFACD2136E4CE006B5212 /* AddExpensesViewController.swift in Sources */ = {isa = PBXBuildFile; fileRef = BE8DFACC2136E4CE006B5212 /* AddExpensesViewController.swift */; };
		BE8DFACF2136E5DF006B5212 /* ExpenseCard.xib in Resources */ = {isa = PBXBuildFile; fileRef = BE8DFACE2136E5DF006B5212 /* ExpenseCard.xib */; };
		BE8DFAD12136E85A006B5212 /* ExpenseCardView.swift in Sources */ = {isa = PBXBuildFile; fileRef = BE8DFAD02136E85A006B5212 /* ExpenseCardView.swift */; };
		BE90C2502140138E00C11B11 /* AddExpensesNavigationViewController.swift in Sources */ = {isa = PBXBuildFile; fileRef = BE90C24F2140138E00C11B11 /* AddExpensesNavigationViewController.swift */; };
		BEFCC288213FF2CF001E2200 /* WalletViewController.swift in Sources */ = {isa = PBXBuildFile; fileRef = BEFCC287213FF2CF001E2200 /* WalletViewController.swift */; };
		F2D163010B7B273E6DF490FB /* Pods_TravelChallengeTests.framework in Frameworks */ = {isa = PBXBuildFile; fileRef = 4C2F30E8829C3B0BC7F047E5 /* Pods_TravelChallengeTests.framework */; };
/* End PBXBuildFile section */

/* Begin PBXContainerItemProxy section */
		2CABAF382135C012009F54D6 /* PBXContainerItemProxy */ = {
			isa = PBXContainerItemProxy;
			containerPortal = 2CABAF182135C010009F54D6 /* Project object */;
			proxyType = 1;
			remoteGlobalIDString = 2CABAF1F2135C011009F54D6;
			remoteInfo = TravelChallenge;
		};
		2CABAF432135C012009F54D6 /* PBXContainerItemProxy */ = {
			isa = PBXContainerItemProxy;
			containerPortal = 2CABAF182135C010009F54D6 /* Project object */;
			proxyType = 1;
			remoteGlobalIDString = 2CABAF1F2135C011009F54D6;
			remoteInfo = TravelChallenge;
		};
/* End PBXContainerItemProxy section */

/* Begin PBXFileReference section */
		2CABAF202135C011009F54D6 /* TravelChallenge.app */ = {isa = PBXFileReference; explicitFileType = wrapper.application; includeInIndex = 0; path = TravelChallenge.app; sourceTree = BUILT_PRODUCTS_DIR; };
		2CABAF232135C011009F54D6 /* AppDelegate.swift */ = {isa = PBXFileReference; lastKnownFileType = sourcecode.swift; path = AppDelegate.swift; sourceTree = "<group>"; };
		2CABAF282135C011009F54D6 /* Base */ = {isa = PBXFileReference; lastKnownFileType = file.storyboard; name = Base; path = Base.lproj/Main.storyboard; sourceTree = "<group>"; };
		2CABAF2B2135C011009F54D6 /* TravelChallenge.xcdatamodel */ = {isa = PBXFileReference; lastKnownFileType = wrapper.xcdatamodel; path = TravelChallenge.xcdatamodel; sourceTree = "<group>"; };
		2CABAF2D2135C012009F54D6 /* Assets.xcassets */ = {isa = PBXFileReference; lastKnownFileType = folder.assetcatalog; path = Assets.xcassets; sourceTree = "<group>"; };
		2CABAF302135C012009F54D6 /* Base */ = {isa = PBXFileReference; lastKnownFileType = file.storyboard; name = Base; path = Base.lproj/LaunchScreen.storyboard; sourceTree = "<group>"; };
		2CABAF322135C012009F54D6 /* Info.plist */ = {isa = PBXFileReference; lastKnownFileType = text.plist.xml; path = Info.plist; sourceTree = "<group>"; };
		2CABAF372135C012009F54D6 /* TravelChallengeTests.xctest */ = {isa = PBXFileReference; explicitFileType = wrapper.cfbundle; includeInIndex = 0; path = TravelChallengeTests.xctest; sourceTree = BUILT_PRODUCTS_DIR; };
		2CABAF3B2135C012009F54D6 /* TravelChallengeTests.swift */ = {isa = PBXFileReference; lastKnownFileType = sourcecode.swift; path = TravelChallengeTests.swift; sourceTree = "<group>"; };
		2CABAF3D2135C012009F54D6 /* Info.plist */ = {isa = PBXFileReference; lastKnownFileType = text.plist.xml; path = Info.plist; sourceTree = "<group>"; };
		2CABAF422135C012009F54D6 /* TravelChallengeUITests.xctest */ = {isa = PBXFileReference; explicitFileType = wrapper.cfbundle; includeInIndex = 0; path = TravelChallengeUITests.xctest; sourceTree = BUILT_PRODUCTS_DIR; };
		2CABAF462135C012009F54D6 /* TravelChallengeUITests.swift */ = {isa = PBXFileReference; lastKnownFileType = sourcecode.swift; path = TravelChallengeUITests.swift; sourceTree = "<group>"; };
		2CABAF482135C012009F54D6 /* Info.plist */ = {isa = PBXFileReference; lastKnownFileType = text.plist.xml; path = Info.plist; sourceTree = "<group>"; };
		2CABAF542135C19D009F54D6 /* CoreDataManager.swift */ = {isa = PBXFileReference; lastKnownFileType = sourcecode.swift; path = CoreDataManager.swift; sourceTree = "<group>"; };
		2CABAF592135C2CB009F54D6 /* ErrorHandler.swift */ = {isa = PBXFileReference; lastKnownFileType = sourcecode.swift; path = ErrorHandler.swift; sourceTree = "<group>"; };
		2CABAF5C2135C349009F54D6 /* ColorPalette.swift */ = {isa = PBXFileReference; lastKnownFileType = sourcecode.swift; path = ColorPalette.swift; sourceTree = "<group>"; };
		2CABAF632136E480009F54D6 /* TravelRepository.swift */ = {isa = PBXFileReference; lastKnownFileType = sourcecode.swift; path = TravelRepository.swift; sourceTree = "<group>"; };
		2CABAF65213720D2009F54D6 /* ExpenseRepository.swift */ = {isa = PBXFileReference; lastKnownFileType = sourcecode.swift; path = ExpenseRepository.swift; sourceTree = "<group>"; };
		2CABAF682137244E009F54D6 /* ExpenseCategory.swift */ = {isa = PBXFileReference; lastKnownFileType = sourcecode.swift; path = ExpenseCategory.swift; sourceTree = "<group>"; };
		2CABAF6B21372655009F54D6 /* ExpenseDto.swift */ = {isa = PBXFileReference; lastKnownFileType = sourcecode.swift; path = ExpenseDto.swift; sourceTree = "<group>"; };
		2CABAF6D21372E97009F54D6 /* TravelDto.swift */ = {isa = PBXFileReference; lastKnownFileType = sourcecode.swift; path = TravelDto.swift; sourceTree = "<group>"; };
		2CB4D7D021380EF60056CA6B /* TravelDao.swift */ = {isa = PBXFileReference; lastKnownFileType = sourcecode.swift; path = TravelDao.swift; sourceTree = "<group>"; };
		2CB4D7D221381ECB0056CA6B /* ExpenseDao.swift */ = {isa = PBXFileReference; lastKnownFileType = sourcecode.swift; path = ExpenseDao.swift; sourceTree = "<group>"; };
		2CB4D7D42138320E0056CA6B /* SwiftExtensions.swift */ = {isa = PBXFileReference; lastKnownFileType = sourcecode.swift; path = SwiftExtensions.swift; sourceTree = "<group>"; };
		2CB4D7DA213D7F750056CA6B /* AddOrEditTripDelegate.swift */ = {isa = PBXFileReference; lastKnownFileType = sourcecode.swift; path = AddOrEditTripDelegate.swift; sourceTree = "<group>"; };
		2D9638BBA6C4DA6DC2B48858 /* Pods-TravelChallenge.debug.xcconfig */ = {isa = PBXFileReference; includeInIndex = 1; lastKnownFileType = text.xcconfig; name = "Pods-TravelChallenge.debug.xcconfig"; path = "Pods/Target Support Files/Pods-TravelChallenge/Pods-TravelChallenge.debug.xcconfig"; sourceTree = "<group>"; };
		4C2F30E8829C3B0BC7F047E5 /* Pods_TravelChallengeTests.framework */ = {isa = PBXFileReference; explicitFileType = wrapper.framework; includeInIndex = 0; path = Pods_TravelChallengeTests.framework; sourceTree = BUILT_PRODUCTS_DIR; };
		5FF499FF16227542E9087221 /* Pods-TravelChallengeUITests.release.xcconfig */ = {isa = PBXFileReference; includeInIndex = 1; lastKnownFileType = text.xcconfig; name = "Pods-TravelChallengeUITests.release.xcconfig"; path = "Pods/Target Support Files/Pods-TravelChallengeUITests/Pods-TravelChallengeUITests.release.xcconfig"; sourceTree = "<group>"; };
		65959FF8E0002E915E0CBE50 /* Pods_TravelChallengeUITests.framework */ = {isa = PBXFileReference; explicitFileType = wrapper.framework; includeInIndex = 0; path = Pods_TravelChallengeUITests.framework; sourceTree = BUILT_PRODUCTS_DIR; };
		6EFFFB9BA015B8C76432849F /* Pods_TravelChallenge.framework */ = {isa = PBXFileReference; explicitFileType = wrapper.framework; includeInIndex = 0; path = Pods_TravelChallenge.framework; sourceTree = BUILT_PRODUCTS_DIR; };
		A7D27934FF9A17EA19EF3B49 /* Pods-TravelChallenge.release.xcconfig */ = {isa = PBXFileReference; includeInIndex = 1; lastKnownFileType = text.xcconfig; name = "Pods-TravelChallenge.release.xcconfig"; path = "Pods/Target Support Files/Pods-TravelChallenge/Pods-TravelChallenge.release.xcconfig"; sourceTree = "<group>"; };
		BCF3D5AA0302643AF803529B /* Pods-TravelChallengeTests.debug.xcconfig */ = {isa = PBXFileReference; includeInIndex = 1; lastKnownFileType = text.xcconfig; name = "Pods-TravelChallengeTests.debug.xcconfig"; path = "Pods/Target Support Files/Pods-TravelChallengeTests/Pods-TravelChallengeTests.debug.xcconfig"; sourceTree = "<group>"; };
		BE45B73721397F4200AD476D /* Colors.xcassets */ = {isa = PBXFileReference; lastKnownFileType = folder.assetcatalog; path = Colors.xcassets; sourceTree = "<group>"; };
		BE5D846E21381BB800DB2B80 /* MainViewController.swift */ = {isa = PBXFileReference; lastKnownFileType = sourcecode.swift; path = MainViewController.swift; sourceTree = "<group>"; };
		BE5D8470213829EE00DB2B80 /* ExpenseProgressCard.xib */ = {isa = PBXFileReference; lastKnownFileType = file.xib; path = ExpenseProgressCard.xib; sourceTree = "<group>"; };
		BE5D847221382A5C00DB2B80 /* ExpenseProgressCardView.swift */ = {isa = PBXFileReference; lastKnownFileType = sourcecode.swift; path = ExpenseProgressCardView.swift; sourceTree = "<group>"; };
		BE5D8474213D80EF00DB2B80 /* NotificationController.swift */ = {isa = PBXFileReference; lastKnownFileType = sourcecode.swift; path = NotificationController.swift; sourceTree = "<group>"; };
		BE5D8476213D82C900DB2B80 /* NotificationContent.swift */ = {isa = PBXFileReference; lastKnownFileType = sourcecode.swift; path = NotificationContent.swift; sourceTree = "<group>"; };
		BE5D8478213EB31700DB2B80 /* DismissAnimator.swift */ = {isa = PBXFileReference; lastKnownFileType = sourcecode.swift; path = DismissAnimator.swift; sourceTree = "<group>"; };
		BE5D847A213EC3DB00DB2B80 /* Interactor.swift */ = {isa = PBXFileReference; lastKnownFileType = sourcecode.swift; path = Interactor.swift; sourceTree = "<group>"; };
		BE8DFACA2136E461006B5212 /* NewTripViewController.swift */ = {isa = PBXFileReference; lastKnownFileType = sourcecode.swift; path = NewTripViewController.swift; sourceTree = "<group>"; };
		BE8DFACC2136E4CE006B5212 /* AddExpensesViewController.swift */ = {isa = PBXFileReference; lastKnownFileType = sourcecode.swift; path = AddExpensesViewController.swift; sourceTree = "<group>"; };
		BE8DFACE2136E5DF006B5212 /* ExpenseCard.xib */ = {isa = PBXFileReference; lastKnownFileType = file.xib; path = ExpenseCard.xib; sourceTree = "<group>"; };
		BE8DFAD02136E85A006B5212 /* ExpenseCardView.swift */ = {isa = PBXFileReference; lastKnownFileType = sourcecode.swift; name = ExpenseCardView.swift; path = TravelChallenge/Views/ExpenseCardView.swift; sourceTree = SOURCE_ROOT; };
		BE90C24F2140138E00C11B11 /* AddExpensesNavigationViewController.swift */ = {isa = PBXFileReference; lastKnownFileType = sourcecode.swift; path = AddExpensesNavigationViewController.swift; sourceTree = "<group>"; };
		BEFCC287213FF2CF001E2200 /* WalletViewController.swift */ = {isa = PBXFileReference; lastKnownFileType = sourcecode.swift; path = WalletViewController.swift; sourceTree = "<group>"; };
		D8D63154075FE63AEE66A59B /* Pods-TravelChallengeTests.release.xcconfig */ = {isa = PBXFileReference; includeInIndex = 1; lastKnownFileType = text.xcconfig; name = "Pods-TravelChallengeTests.release.xcconfig"; path = "Pods/Target Support Files/Pods-TravelChallengeTests/Pods-TravelChallengeTests.release.xcconfig"; sourceTree = "<group>"; };
		F9AFEF25F4F47A479AE11EF5 /* Pods-TravelChallengeUITests.debug.xcconfig */ = {isa = PBXFileReference; includeInIndex = 1; lastKnownFileType = text.xcconfig; name = "Pods-TravelChallengeUITests.debug.xcconfig"; path = "Pods/Target Support Files/Pods-TravelChallengeUITests/Pods-TravelChallengeUITests.debug.xcconfig"; sourceTree = "<group>"; };
/* End PBXFileReference section */

/* Begin PBXFrameworksBuildPhase section */
		2CABAF1D2135C011009F54D6 /* Frameworks */ = {
			isa = PBXFrameworksBuildPhase;
			buildActionMask = 2147483647;
			files = (
				4FFF3B8BF4F8EE2BACACF631 /* Pods_TravelChallenge.framework in Frameworks */,
			);
			runOnlyForDeploymentPostprocessing = 0;
		};
		2CABAF342135C012009F54D6 /* Frameworks */ = {
			isa = PBXFrameworksBuildPhase;
			buildActionMask = 2147483647;
			files = (
				F2D163010B7B273E6DF490FB /* Pods_TravelChallengeTests.framework in Frameworks */,
			);
			runOnlyForDeploymentPostprocessing = 0;
		};
		2CABAF3F2135C012009F54D6 /* Frameworks */ = {
			isa = PBXFrameworksBuildPhase;
			buildActionMask = 2147483647;
			files = (
				42CAD451F9DD59B4577610C8 /* Pods_TravelChallengeUITests.framework in Frameworks */,
			);
			runOnlyForDeploymentPostprocessing = 0;
		};
/* End PBXFrameworksBuildPhase section */

/* Begin PBXGroup section */
		1987067F806E8BF5D7E7C9D9 /* Pods */ = {
			isa = PBXGroup;
			children = (
				2D9638BBA6C4DA6DC2B48858 /* Pods-TravelChallenge.debug.xcconfig */,
				A7D27934FF9A17EA19EF3B49 /* Pods-TravelChallenge.release.xcconfig */,
				BCF3D5AA0302643AF803529B /* Pods-TravelChallengeTests.debug.xcconfig */,
				D8D63154075FE63AEE66A59B /* Pods-TravelChallengeTests.release.xcconfig */,
				F9AFEF25F4F47A479AE11EF5 /* Pods-TravelChallengeUITests.debug.xcconfig */,
				5FF499FF16227542E9087221 /* Pods-TravelChallengeUITests.release.xcconfig */,
			);
			name = Pods;
			sourceTree = "<group>";
		};
		2CABAF172135C010009F54D6 = {
			isa = PBXGroup;
			children = (
				2CABAF222135C011009F54D6 /* TravelChallenge */,
				2CABAF3A2135C012009F54D6 /* TravelChallengeTests */,
				2CABAF452135C012009F54D6 /* TravelChallengeUITests */,
				2CABAF212135C011009F54D6 /* Products */,
				1987067F806E8BF5D7E7C9D9 /* Pods */,
				B0A064B84989F5BDFC0276E3 /* Frameworks */,
			);
			sourceTree = "<group>";
		};
		2CABAF212135C011009F54D6 /* Products */ = {
			isa = PBXGroup;
			children = (
				2CABAF202135C011009F54D6 /* TravelChallenge.app */,
				2CABAF372135C012009F54D6 /* TravelChallengeTests.xctest */,
				2CABAF422135C012009F54D6 /* TravelChallengeUITests.xctest */,
			);
			name = Products;
			sourceTree = "<group>";
		};
		2CABAF222135C011009F54D6 /* TravelChallenge */ = {
			isa = PBXGroup;
			children = (
				2CABAF5B2135C335009F54D6 /* Constants */,
				2CABAF562135C1AC009F54D6 /* Models */,
				2CABAF572135C1B3009F54D6 /* Views */,
				2CABAF582135C1BE009F54D6 /* Controllers */,
				2CB4D7D7213D7EFE0056CA6B /* Protocols */,
				2CABAF232135C011009F54D6 /* AppDelegate.swift */,
				BE45B73721397F4200AD476D /* Colors.xcassets */,
				2CABAF2D2135C012009F54D6 /* Assets.xcassets */,
				2CABAF2F2135C012009F54D6 /* LaunchScreen.storyboard */,
				2CABAF322135C012009F54D6 /* Info.plist */,
				2CABAF2A2135C011009F54D6 /* TravelChallenge.xcdatamodeld */,
				2CABAF542135C19D009F54D6 /* CoreDataManager.swift */,
				2CABAF592135C2CB009F54D6 /* ErrorHandler.swift */,
				2CABAF272135C011009F54D6 /* Main.storyboard */,
			);
			path = TravelChallenge;
			sourceTree = "<group>";
		};
		2CABAF3A2135C012009F54D6 /* TravelChallengeTests */ = {
			isa = PBXGroup;
			children = (
				2CABAF3B2135C012009F54D6 /* TravelChallengeTests.swift */,
				2CABAF3D2135C012009F54D6 /* Info.plist */,
			);
			path = TravelChallengeTests;
			sourceTree = "<group>";
		};
		2CABAF452135C012009F54D6 /* TravelChallengeUITests */ = {
			isa = PBXGroup;
			children = (
				2CABAF462135C012009F54D6 /* TravelChallengeUITests.swift */,
				2CABAF482135C012009F54D6 /* Info.plist */,
			);
			path = TravelChallengeUITests;
			sourceTree = "<group>";
		};
		2CABAF562135C1AC009F54D6 /* Models */ = {
			isa = PBXGroup;
			children = (
				2CABAF6A21372575009F54D6 /* DTO */,
				2CABAF6721372438009F54D6 /* Enums */,
				2CABAF622136E464009F54D6 /* Repositories */,
				2CB4D7D42138320E0056CA6B /* SwiftExtensions.swift */,
				BE5D8476213D82C900DB2B80 /* NotificationContent.swift */,
				BE5D8478213EB31700DB2B80 /* DismissAnimator.swift */,
				BE5D847A213EC3DB00DB2B80 /* Interactor.swift */,
			);
			path = Models;
			sourceTree = "<group>";
		};
		2CABAF572135C1B3009F54D6 /* Views */ = {
			isa = PBXGroup;
			children = (
				BE8DFAD02136E85A006B5212 /* ExpenseCardView.swift */,
				BE8DFACE2136E5DF006B5212 /* ExpenseCard.xib */,
				BE5D8470213829EE00DB2B80 /* ExpenseProgressCard.xib */,
				BE5D847221382A5C00DB2B80 /* ExpenseProgressCardView.swift */,
			);
			path = Views;
			sourceTree = "<group>";
		};
		2CABAF582135C1BE009F54D6 /* Controllers */ = {
			isa = PBXGroup;
			children = (
				BE8DFACA2136E461006B5212 /* NewTripViewController.swift */,
				BE8DFACC2136E4CE006B5212 /* AddExpensesViewController.swift */,
				BE90C24F2140138E00C11B11 /* AddExpensesNavigationViewController.swift */,
				BE5D846E21381BB800DB2B80 /* MainViewController.swift */,
				BE5D8474213D80EF00DB2B80 /* NotificationController.swift */,
				BEFCC287213FF2CF001E2200 /* WalletViewController.swift */,
			);
			path = Controllers;
			sourceTree = "<group>";
		};
		2CABAF5B2135C335009F54D6 /* Constants */ = {
			isa = PBXGroup;
			children = (
				2CABAF5C2135C349009F54D6 /* ColorPalette.swift */,
			);
			path = Constants;
			sourceTree = "<group>";
		};
		2CABAF622136E464009F54D6 /* Repositories */ = {
			isa = PBXGroup;
			children = (
				2CABAF6F21380E3E009F54D6 /* Dao */,
				2CABAF632136E480009F54D6 /* TravelRepository.swift */,
				2CABAF65213720D2009F54D6 /* ExpenseRepository.swift */,
			);
			path = Repositories;
			sourceTree = "<group>";
		};
		2CABAF6721372438009F54D6 /* Enums */ = {
			isa = PBXGroup;
			children = (
				2CABAF682137244E009F54D6 /* ExpenseCategory.swift */,
			);
			path = Enums;
			sourceTree = "<group>";
		};
		2CABAF6A21372575009F54D6 /* DTO */ = {
			isa = PBXGroup;
			children = (
				2CABAF6B21372655009F54D6 /* ExpenseDto.swift */,
				2CABAF6D21372E97009F54D6 /* TravelDto.swift */,
			);
			path = DTO;
			sourceTree = "<group>";
		};
		2CABAF6F21380E3E009F54D6 /* Dao */ = {
			isa = PBXGroup;
			children = (
				2CB4D7D021380EF60056CA6B /* TravelDao.swift */,
				2CB4D7D221381ECB0056CA6B /* ExpenseDao.swift */,
			);
			path = Dao;
			sourceTree = "<group>";
		};
		2CB4D7D7213D7EFE0056CA6B /* Protocols */ = {
			isa = PBXGroup;
			children = (
				2CB4D7DA213D7F750056CA6B /* AddOrEditTripDelegate.swift */,
			);
			path = Protocols;
			sourceTree = "<group>";
		};
		B0A064B84989F5BDFC0276E3 /* Frameworks */ = {
			isa = PBXGroup;
			children = (
				6EFFFB9BA015B8C76432849F /* Pods_TravelChallenge.framework */,
				4C2F30E8829C3B0BC7F047E5 /* Pods_TravelChallengeTests.framework */,
				65959FF8E0002E915E0CBE50 /* Pods_TravelChallengeUITests.framework */,
			);
			name = Frameworks;
			sourceTree = "<group>";
		};
/* End PBXGroup section */

/* Begin PBXNativeTarget section */
		2CABAF1F2135C011009F54D6 /* TravelChallenge */ = {
			isa = PBXNativeTarget;
			buildConfigurationList = 2CABAF4B2135C012009F54D6 /* Build configuration list for PBXNativeTarget "TravelChallenge" */;
			buildPhases = (
				23C1FA5B72F7214FF8016593 /* [CP] Check Pods Manifest.lock */,
				2CABAF1C2135C011009F54D6 /* Sources */,
				2CABAF1D2135C011009F54D6 /* Frameworks */,
				2CABAF1E2135C011009F54D6 /* Resources */,
				B01E8835E400240F4B83F49A /* [CP] Embed Pods Frameworks */,
			);
			buildRules = (
			);
			dependencies = (
			);
			name = TravelChallenge;
			productName = TravelChallenge;
			productReference = 2CABAF202135C011009F54D6 /* TravelChallenge.app */;
			productType = "com.apple.product-type.application";
		};
		2CABAF362135C012009F54D6 /* TravelChallengeTests */ = {
			isa = PBXNativeTarget;
			buildConfigurationList = 2CABAF4E2135C012009F54D6 /* Build configuration list for PBXNativeTarget "TravelChallengeTests" */;
			buildPhases = (
				344972F00B6A27A1F926DF8C /* [CP] Check Pods Manifest.lock */,
				2CABAF332135C012009F54D6 /* Sources */,
				2CABAF342135C012009F54D6 /* Frameworks */,
				2CABAF352135C012009F54D6 /* Resources */,
			);
			buildRules = (
			);
			dependencies = (
				2CABAF392135C012009F54D6 /* PBXTargetDependency */,
			);
			name = TravelChallengeTests;
			productName = TravelChallengeTests;
			productReference = 2CABAF372135C012009F54D6 /* TravelChallengeTests.xctest */;
			productType = "com.apple.product-type.bundle.unit-test";
		};
		2CABAF412135C012009F54D6 /* TravelChallengeUITests */ = {
			isa = PBXNativeTarget;
			buildConfigurationList = 2CABAF512135C012009F54D6 /* Build configuration list for PBXNativeTarget "TravelChallengeUITests" */;
			buildPhases = (
				8A9B39D6C95C56AF30E30114 /* [CP] Check Pods Manifest.lock */,
				2CABAF3E2135C012009F54D6 /* Sources */,
				2CABAF3F2135C012009F54D6 /* Frameworks */,
				2CABAF402135C012009F54D6 /* Resources */,
			);
			buildRules = (
			);
			dependencies = (
				2CABAF442135C012009F54D6 /* PBXTargetDependency */,
			);
			name = TravelChallengeUITests;
			productName = TravelChallengeUITests;
			productReference = 2CABAF422135C012009F54D6 /* TravelChallengeUITests.xctest */;
			productType = "com.apple.product-type.bundle.ui-testing";
		};
/* End PBXNativeTarget section */

/* Begin PBXProject section */
		2CABAF182135C010009F54D6 /* Project object */ = {
			isa = PBXProject;
			attributes = {
				LastSwiftUpdateCheck = 0940;
				LastUpgradeCheck = 0940;
				ORGANIZATIONNAME = "Dinamite Pangalactica";
				TargetAttributes = {
					2CABAF1F2135C011009F54D6 = {
						CreatedOnToolsVersion = 9.4.1;
					};
					2CABAF362135C012009F54D6 = {
						CreatedOnToolsVersion = 9.4.1;
						TestTargetID = 2CABAF1F2135C011009F54D6;
					};
					2CABAF412135C012009F54D6 = {
						CreatedOnToolsVersion = 9.4.1;
						TestTargetID = 2CABAF1F2135C011009F54D6;
					};
				};
			};
			buildConfigurationList = 2CABAF1B2135C011009F54D6 /* Build configuration list for PBXProject "TravelChallenge" */;
			compatibilityVersion = "Xcode 9.3";
			developmentRegion = en;
			hasScannedForEncodings = 0;
			knownRegions = (
				en,
				Base,
			);
			mainGroup = 2CABAF172135C010009F54D6;
			productRefGroup = 2CABAF212135C011009F54D6 /* Products */;
			projectDirPath = "";
			projectRoot = "";
			targets = (
				2CABAF1F2135C011009F54D6 /* TravelChallenge */,
				2CABAF362135C012009F54D6 /* TravelChallengeTests */,
				2CABAF412135C012009F54D6 /* TravelChallengeUITests */,
			);
		};
/* End PBXProject section */

/* Begin PBXResourcesBuildPhase section */
		2CABAF1E2135C011009F54D6 /* Resources */ = {
			isa = PBXResourcesBuildPhase;
			buildActionMask = 2147483647;
			files = (
				2CABAF312135C012009F54D6 /* LaunchScreen.storyboard in Resources */,
				2CABAF2E2135C012009F54D6 /* Assets.xcassets in Resources */,
				BE8DFACF2136E5DF006B5212 /* ExpenseCard.xib in Resources */,
				BE45B73821397F4200AD476D /* Colors.xcassets in Resources */,
				2CABAF292135C011009F54D6 /* Main.storyboard in Resources */,
				BE5D8471213829EE00DB2B80 /* ExpenseProgressCard.xib in Resources */,
			);
			runOnlyForDeploymentPostprocessing = 0;
		};
		2CABAF352135C012009F54D6 /* Resources */ = {
			isa = PBXResourcesBuildPhase;
			buildActionMask = 2147483647;
			files = (
			);
			runOnlyForDeploymentPostprocessing = 0;
		};
		2CABAF402135C012009F54D6 /* Resources */ = {
			isa = PBXResourcesBuildPhase;
			buildActionMask = 2147483647;
			files = (
			);
			runOnlyForDeploymentPostprocessing = 0;
		};
/* End PBXResourcesBuildPhase section */

/* Begin PBXShellScriptBuildPhase section */
		23C1FA5B72F7214FF8016593 /* [CP] Check Pods Manifest.lock */ = {
			isa = PBXShellScriptBuildPhase;
			buildActionMask = 2147483647;
			files = (
			);
			inputPaths = (
				"${PODS_PODFILE_DIR_PATH}/Podfile.lock",
				"${PODS_ROOT}/Manifest.lock",
			);
			name = "[CP] Check Pods Manifest.lock";
			outputPaths = (
				"$(DERIVED_FILE_DIR)/Pods-TravelChallenge-checkManifestLockResult.txt",
			);
			runOnlyForDeploymentPostprocessing = 0;
			shellPath = /bin/sh;
			shellScript = "diff \"${PODS_PODFILE_DIR_PATH}/Podfile.lock\" \"${PODS_ROOT}/Manifest.lock\" > /dev/null\nif [ $? != 0 ] ; then\n    # print error to STDERR\n    echo \"error: The sandbox is not in sync with the Podfile.lock. Run 'pod install' or update your CocoaPods installation.\" >&2\n    exit 1\nfi\n# This output is used by Xcode 'outputs' to avoid re-running this script phase.\necho \"SUCCESS\" > \"${SCRIPT_OUTPUT_FILE_0}\"\n";
			showEnvVarsInLog = 0;
		};
		344972F00B6A27A1F926DF8C /* [CP] Check Pods Manifest.lock */ = {
			isa = PBXShellScriptBuildPhase;
			buildActionMask = 2147483647;
			files = (
			);
			inputPaths = (
				"${PODS_PODFILE_DIR_PATH}/Podfile.lock",
				"${PODS_ROOT}/Manifest.lock",
			);
			name = "[CP] Check Pods Manifest.lock";
			outputPaths = (
				"$(DERIVED_FILE_DIR)/Pods-TravelChallengeTests-checkManifestLockResult.txt",
			);
			runOnlyForDeploymentPostprocessing = 0;
			shellPath = /bin/sh;
			shellScript = "diff \"${PODS_PODFILE_DIR_PATH}/Podfile.lock\" \"${PODS_ROOT}/Manifest.lock\" > /dev/null\nif [ $? != 0 ] ; then\n    # print error to STDERR\n    echo \"error: The sandbox is not in sync with the Podfile.lock. Run 'pod install' or update your CocoaPods installation.\" >&2\n    exit 1\nfi\n# This output is used by Xcode 'outputs' to avoid re-running this script phase.\necho \"SUCCESS\" > \"${SCRIPT_OUTPUT_FILE_0}\"\n";
			showEnvVarsInLog = 0;
		};
		8A9B39D6C95C56AF30E30114 /* [CP] Check Pods Manifest.lock */ = {
			isa = PBXShellScriptBuildPhase;
			buildActionMask = 2147483647;
			files = (
			);
			inputPaths = (
				"${PODS_PODFILE_DIR_PATH}/Podfile.lock",
				"${PODS_ROOT}/Manifest.lock",
			);
			name = "[CP] Check Pods Manifest.lock";
			outputPaths = (
				"$(DERIVED_FILE_DIR)/Pods-TravelChallengeUITests-checkManifestLockResult.txt",
			);
			runOnlyForDeploymentPostprocessing = 0;
			shellPath = /bin/sh;
			shellScript = "diff \"${PODS_PODFILE_DIR_PATH}/Podfile.lock\" \"${PODS_ROOT}/Manifest.lock\" > /dev/null\nif [ $? != 0 ] ; then\n    # print error to STDERR\n    echo \"error: The sandbox is not in sync with the Podfile.lock. Run 'pod install' or update your CocoaPods installation.\" >&2\n    exit 1\nfi\n# This output is used by Xcode 'outputs' to avoid re-running this script phase.\necho \"SUCCESS\" > \"${SCRIPT_OUTPUT_FILE_0}\"\n";
			showEnvVarsInLog = 0;
		};
		B01E8835E400240F4B83F49A /* [CP] Embed Pods Frameworks */ = {
			isa = PBXShellScriptBuildPhase;
			buildActionMask = 2147483647;
			files = (
			);
			inputPaths = (
				"${SRCROOT}/Pods/Target Support Files/Pods-TravelChallenge/Pods-TravelChallenge-frameworks.sh",
				"${BUILT_PRODUCTS_DIR}/IQKeyboardManagerSwift/IQKeyboardManagerSwift.framework",
			);
			name = "[CP] Embed Pods Frameworks";
			outputPaths = (
				"${TARGET_BUILD_DIR}/${FRAMEWORKS_FOLDER_PATH}/IQKeyboardManagerSwift.framework",
			);
			runOnlyForDeploymentPostprocessing = 0;
			shellPath = /bin/sh;
			shellScript = "\"${SRCROOT}/Pods/Target Support Files/Pods-TravelChallenge/Pods-TravelChallenge-frameworks.sh\"\n";
			showEnvVarsInLog = 0;
		};
/* End PBXShellScriptBuildPhase section */

/* Begin PBXSourcesBuildPhase section */
		2CABAF1C2135C011009F54D6 /* Sources */ = {
			isa = PBXSourcesBuildPhase;
			buildActionMask = 2147483647;
			files = (
				2CABAF6E21372E97009F54D6 /* TravelDto.swift in Sources */,
				BE90C2502140138E00C11B11 /* AddExpensesNavigationViewController.swift in Sources */,
				BE5D847321382A5C00DB2B80 /* ExpenseProgressCardView.swift in Sources */,
				2CABAF2C2135C011009F54D6 /* TravelChallenge.xcdatamodeld in Sources */,
				2CABAF5A2135C2CB009F54D6 /* ErrorHandler.swift in Sources */,
				BE5D8477213D82C900DB2B80 /* NotificationContent.swift in Sources */,
				BEFCC288213FF2CF001E2200 /* WalletViewController.swift in Sources */,
				BE8DFACB2136E461006B5212 /* NewTripViewController.swift in Sources */,
				2CB4D7D121380EF60056CA6B /* TravelDao.swift in Sources */,
				BE8DFACD2136E4CE006B5212 /* AddExpensesViewController.swift in Sources */,
				2CB4D7D321381ECB0056CA6B /* ExpenseDao.swift in Sources */,
				2CABAF552135C19D009F54D6 /* CoreDataManager.swift in Sources */,
				BE5D8475213D80EF00DB2B80 /* NotificationController.swift in Sources */,
				2CABAF642136E480009F54D6 /* TravelRepository.swift in Sources */,
				BE5D846F21381BB800DB2B80 /* MainViewController.swift in Sources */,
				BE8DFAD12136E85A006B5212 /* ExpenseCardView.swift in Sources */,
				2CABAF242135C011009F54D6 /* AppDelegate.swift in Sources */,
				2CABAF66213720D2009F54D6 /* ExpenseRepository.swift in Sources */,
				2CABAF5D2135C349009F54D6 /* ColorPalette.swift in Sources */,
				BE5D8479213EB31700DB2B80 /* DismissAnimator.swift in Sources */,
				2CB4D7DB213D7F750056CA6B /* AddOrEditTripDelegate.swift in Sources */,
				BE5D847B213EC3DB00DB2B80 /* Interactor.swift in Sources */,
				2CB4D7D52138320E0056CA6B /* SwiftExtensions.swift in Sources */,
				2CABAF6C21372655009F54D6 /* ExpenseDto.swift in Sources */,
				2CABAF692137244E009F54D6 /* ExpenseCategory.swift in Sources */,
			);
			runOnlyForDeploymentPostprocessing = 0;
		};
		2CABAF332135C012009F54D6 /* Sources */ = {
			isa = PBXSourcesBuildPhase;
			buildActionMask = 2147483647;
			files = (
				2CABAF3C2135C012009F54D6 /* TravelChallengeTests.swift in Sources */,
			);
			runOnlyForDeploymentPostprocessing = 0;
		};
		2CABAF3E2135C012009F54D6 /* Sources */ = {
			isa = PBXSourcesBuildPhase;
			buildActionMask = 2147483647;
			files = (
				2CABAF472135C012009F54D6 /* TravelChallengeUITests.swift in Sources */,
			);
			runOnlyForDeploymentPostprocessing = 0;
		};
/* End PBXSourcesBuildPhase section */

/* Begin PBXTargetDependency section */
		2CABAF392135C012009F54D6 /* PBXTargetDependency */ = {
			isa = PBXTargetDependency;
			target = 2CABAF1F2135C011009F54D6 /* TravelChallenge */;
			targetProxy = 2CABAF382135C012009F54D6 /* PBXContainerItemProxy */;
		};
		2CABAF442135C012009F54D6 /* PBXTargetDependency */ = {
			isa = PBXTargetDependency;
			target = 2CABAF1F2135C011009F54D6 /* TravelChallenge */;
			targetProxy = 2CABAF432135C012009F54D6 /* PBXContainerItemProxy */;
		};
/* End PBXTargetDependency section */

/* Begin PBXVariantGroup section */
		2CABAF272135C011009F54D6 /* Main.storyboard */ = {
			isa = PBXVariantGroup;
			children = (
				2CABAF282135C011009F54D6 /* Base */,
			);
			name = Main.storyboard;
			sourceTree = "<group>";
		};
		2CABAF2F2135C012009F54D6 /* LaunchScreen.storyboard */ = {
			isa = PBXVariantGroup;
			children = (
				2CABAF302135C012009F54D6 /* Base */,
			);
			name = LaunchScreen.storyboard;
			sourceTree = "<group>";
		};
/* End PBXVariantGroup section */

/* Begin XCBuildConfiguration section */
		2CABAF492135C012009F54D6 /* Debug */ = {
			isa = XCBuildConfiguration;
			buildSettings = {
				ALWAYS_SEARCH_USER_PATHS = NO;
				CLANG_ANALYZER_NONNULL = YES;
				CLANG_ANALYZER_NUMBER_OBJECT_CONVERSION = YES_AGGRESSIVE;
				CLANG_CXX_LANGUAGE_STANDARD = "gnu++14";
				CLANG_CXX_LIBRARY = "libc++";
				CLANG_ENABLE_MODULES = YES;
				CLANG_ENABLE_OBJC_ARC = YES;
				CLANG_ENABLE_OBJC_WEAK = YES;
				CLANG_WARN_BLOCK_CAPTURE_AUTORELEASING = YES;
				CLANG_WARN_BOOL_CONVERSION = YES;
				CLANG_WARN_COMMA = YES;
				CLANG_WARN_CONSTANT_CONVERSION = YES;
				CLANG_WARN_DEPRECATED_OBJC_IMPLEMENTATIONS = YES;
				CLANG_WARN_DIRECT_OBJC_ISA_USAGE = YES_ERROR;
				CLANG_WARN_DOCUMENTATION_COMMENTS = YES;
				CLANG_WARN_EMPTY_BODY = YES;
				CLANG_WARN_ENUM_CONVERSION = YES;
				CLANG_WARN_INFINITE_RECURSION = YES;
				CLANG_WARN_INT_CONVERSION = YES;
				CLANG_WARN_NON_LITERAL_NULL_CONVERSION = YES;
				CLANG_WARN_OBJC_IMPLICIT_RETAIN_SELF = YES;
				CLANG_WARN_OBJC_LITERAL_CONVERSION = YES;
				CLANG_WARN_OBJC_ROOT_CLASS = YES_ERROR;
				CLANG_WARN_RANGE_LOOP_ANALYSIS = YES;
				CLANG_WARN_STRICT_PROTOTYPES = YES;
				CLANG_WARN_SUSPICIOUS_MOVE = YES;
				CLANG_WARN_UNGUARDED_AVAILABILITY = YES_AGGRESSIVE;
				CLANG_WARN_UNREACHABLE_CODE = YES;
				CLANG_WARN__DUPLICATE_METHOD_MATCH = YES;
				CODE_SIGN_IDENTITY = "iPhone Developer";
				COPY_PHASE_STRIP = NO;
				DEBUG_INFORMATION_FORMAT = dwarf;
				ENABLE_STRICT_OBJC_MSGSEND = YES;
				ENABLE_TESTABILITY = YES;
				GCC_C_LANGUAGE_STANDARD = gnu11;
				GCC_DYNAMIC_NO_PIC = NO;
				GCC_NO_COMMON_BLOCKS = YES;
				GCC_OPTIMIZATION_LEVEL = 0;
				GCC_PREPROCESSOR_DEFINITIONS = (
					"DEBUG=1",
					"$(inherited)",
				);
				GCC_WARN_64_TO_32_BIT_CONVERSION = YES;
				GCC_WARN_ABOUT_RETURN_TYPE = YES_ERROR;
				GCC_WARN_UNDECLARED_SELECTOR = YES;
				GCC_WARN_UNINITIALIZED_AUTOS = YES_AGGRESSIVE;
				GCC_WARN_UNUSED_FUNCTION = YES;
				GCC_WARN_UNUSED_VARIABLE = YES;
				IPHONEOS_DEPLOYMENT_TARGET = 11.4;
				MTL_ENABLE_DEBUG_INFO = YES;
				ONLY_ACTIVE_ARCH = YES;
				SDKROOT = iphoneos;
				SWIFT_ACTIVE_COMPILATION_CONDITIONS = DEBUG;
				SWIFT_OPTIMIZATION_LEVEL = "-Onone";
			};
			name = Debug;
		};
		2CABAF4A2135C012009F54D6 /* Release */ = {
			isa = XCBuildConfiguration;
			buildSettings = {
				ALWAYS_SEARCH_USER_PATHS = NO;
				CLANG_ANALYZER_NONNULL = YES;
				CLANG_ANALYZER_NUMBER_OBJECT_CONVERSION = YES_AGGRESSIVE;
				CLANG_CXX_LANGUAGE_STANDARD = "gnu++14";
				CLANG_CXX_LIBRARY = "libc++";
				CLANG_ENABLE_MODULES = YES;
				CLANG_ENABLE_OBJC_ARC = YES;
				CLANG_ENABLE_OBJC_WEAK = YES;
				CLANG_WARN_BLOCK_CAPTURE_AUTORELEASING = YES;
				CLANG_WARN_BOOL_CONVERSION = YES;
				CLANG_WARN_COMMA = YES;
				CLANG_WARN_CONSTANT_CONVERSION = YES;
				CLANG_WARN_DEPRECATED_OBJC_IMPLEMENTATIONS = YES;
				CLANG_WARN_DIRECT_OBJC_ISA_USAGE = YES_ERROR;
				CLANG_WARN_DOCUMENTATION_COMMENTS = YES;
				CLANG_WARN_EMPTY_BODY = YES;
				CLANG_WARN_ENUM_CONVERSION = YES;
				CLANG_WARN_INFINITE_RECURSION = YES;
				CLANG_WARN_INT_CONVERSION = YES;
				CLANG_WARN_NON_LITERAL_NULL_CONVERSION = YES;
				CLANG_WARN_OBJC_IMPLICIT_RETAIN_SELF = YES;
				CLANG_WARN_OBJC_LITERAL_CONVERSION = YES;
				CLANG_WARN_OBJC_ROOT_CLASS = YES_ERROR;
				CLANG_WARN_RANGE_LOOP_ANALYSIS = YES;
				CLANG_WARN_STRICT_PROTOTYPES = YES;
				CLANG_WARN_SUSPICIOUS_MOVE = YES;
				CLANG_WARN_UNGUARDED_AVAILABILITY = YES_AGGRESSIVE;
				CLANG_WARN_UNREACHABLE_CODE = YES;
				CLANG_WARN__DUPLICATE_METHOD_MATCH = YES;
				CODE_SIGN_IDENTITY = "iPhone Developer";
				COPY_PHASE_STRIP = NO;
				DEBUG_INFORMATION_FORMAT = "dwarf-with-dsym";
				ENABLE_NS_ASSERTIONS = NO;
				ENABLE_STRICT_OBJC_MSGSEND = YES;
				GCC_C_LANGUAGE_STANDARD = gnu11;
				GCC_NO_COMMON_BLOCKS = YES;
				GCC_WARN_64_TO_32_BIT_CONVERSION = YES;
				GCC_WARN_ABOUT_RETURN_TYPE = YES_ERROR;
				GCC_WARN_UNDECLARED_SELECTOR = YES;
				GCC_WARN_UNINITIALIZED_AUTOS = YES_AGGRESSIVE;
				GCC_WARN_UNUSED_FUNCTION = YES;
				GCC_WARN_UNUSED_VARIABLE = YES;
				IPHONEOS_DEPLOYMENT_TARGET = 11.4;
				MTL_ENABLE_DEBUG_INFO = NO;
				SDKROOT = iphoneos;
				SWIFT_COMPILATION_MODE = wholemodule;
				SWIFT_OPTIMIZATION_LEVEL = "-O";
				VALIDATE_PRODUCT = YES;
			};
			name = Release;
		};
		2CABAF4C2135C012009F54D6 /* Debug */ = {
			isa = XCBuildConfiguration;
			baseConfigurationReference = 2D9638BBA6C4DA6DC2B48858 /* Pods-TravelChallenge.debug.xcconfig */;
			buildSettings = {
				ASSETCATALOG_COMPILER_APPICON_NAME = AppIcon;
				CODE_SIGN_STYLE = Automatic;
				DEVELOPMENT_TEAM = LF3U834HDS;
				INFOPLIST_FILE = TravelChallenge/Info.plist;
				LD_RUNPATH_SEARCH_PATHS = (
					"$(inherited)",
					"@executable_path/Frameworks",
				);
				PRODUCT_BUNDLE_IDENTIFIER = br.ifce.academy.dp.TravelChallenge;
				PRODUCT_NAME = "$(TARGET_NAME)";
				SWIFT_VERSION = 4.0;
				TARGETED_DEVICE_FAMILY = "1,2";
			};
			name = Debug;
		};
		2CABAF4D2135C012009F54D6 /* Release */ = {
			isa = XCBuildConfiguration;
			baseConfigurationReference = A7D27934FF9A17EA19EF3B49 /* Pods-TravelChallenge.release.xcconfig */;
			buildSettings = {
				ASSETCATALOG_COMPILER_APPICON_NAME = AppIcon;
				CODE_SIGN_STYLE = Automatic;
				DEVELOPMENT_TEAM = LF3U834HDS;
				INFOPLIST_FILE = TravelChallenge/Info.plist;
				LD_RUNPATH_SEARCH_PATHS = (
					"$(inherited)",
					"@executable_path/Frameworks",
				);
				PRODUCT_BUNDLE_IDENTIFIER = br.ifce.academy.dp.TravelChallenge;
				PRODUCT_NAME = "$(TARGET_NAME)";
				SWIFT_VERSION = 4.0;
				TARGETED_DEVICE_FAMILY = "1,2";
			};
			name = Release;
		};
		2CABAF4F2135C012009F54D6 /* Debug */ = {
			isa = XCBuildConfiguration;
			baseConfigurationReference = BCF3D5AA0302643AF803529B /* Pods-TravelChallengeTests.debug.xcconfig */;
			buildSettings = {
				ALWAYS_EMBED_SWIFT_STANDARD_LIBRARIES = YES;
				BUNDLE_LOADER = "$(TEST_HOST)";
				CODE_SIGN_STYLE = Automatic;
				INFOPLIST_FILE = TravelChallengeTests/Info.plist;
				LD_RUNPATH_SEARCH_PATHS = (
					"$(inherited)",
					"@executable_path/Frameworks",
					"@loader_path/Frameworks",
				);
				PRODUCT_BUNDLE_IDENTIFIER = br.ifce.academy.dp.TravelChallengeTests;
				PRODUCT_NAME = "$(TARGET_NAME)";
				SWIFT_VERSION = 4.0;
				TARGETED_DEVICE_FAMILY = "1,2";
				TEST_HOST = "$(BUILT_PRODUCTS_DIR)/TravelChallenge.app/TravelChallenge";
			};
			name = Debug;
		};
		2CABAF502135C012009F54D6 /* Release */ = {
			isa = XCBuildConfiguration;
			baseConfigurationReference = D8D63154075FE63AEE66A59B /* Pods-TravelChallengeTests.release.xcconfig */;
			buildSettings = {
				ALWAYS_EMBED_SWIFT_STANDARD_LIBRARIES = YES;
				BUNDLE_LOADER = "$(TEST_HOST)";
				CODE_SIGN_STYLE = Automatic;
				INFOPLIST_FILE = TravelChallengeTests/Info.plist;
				LD_RUNPATH_SEARCH_PATHS = (
					"$(inherited)",
					"@executable_path/Frameworks",
					"@loader_path/Frameworks",
				);
				PRODUCT_BUNDLE_IDENTIFIER = br.ifce.academy.dp.TravelChallengeTests;
				PRODUCT_NAME = "$(TARGET_NAME)";
				SWIFT_VERSION = 4.0;
				TARGETED_DEVICE_FAMILY = "1,2";
				TEST_HOST = "$(BUILT_PRODUCTS_DIR)/TravelChallenge.app/TravelChallenge";
			};
			name = Release;
		};
		2CABAF522135C012009F54D6 /* Debug */ = {
			isa = XCBuildConfiguration;
			baseConfigurationReference = F9AFEF25F4F47A479AE11EF5 /* Pods-TravelChallengeUITests.debug.xcconfig */;
			buildSettings = {
				ALWAYS_EMBED_SWIFT_STANDARD_LIBRARIES = YES;
				CODE_SIGN_STYLE = Automatic;
				INFOPLIST_FILE = TravelChallengeUITests/Info.plist;
				LD_RUNPATH_SEARCH_PATHS = (
					"$(inherited)",
					"@executable_path/Frameworks",
					"@loader_path/Frameworks",
				);
				PRODUCT_BUNDLE_IDENTIFIER = br.ifce.academy.dp.TravelChallengeUITests;
				PRODUCT_NAME = "$(TARGET_NAME)";
				SWIFT_VERSION = 4.0;
				TARGETED_DEVICE_FAMILY = "1,2";
				TEST_TARGET_NAME = TravelChallenge;
			};
			name = Debug;
		};
		2CABAF532135C012009F54D6 /* Release */ = {
			isa = XCBuildConfiguration;
			baseConfigurationReference = 5FF499FF16227542E9087221 /* Pods-TravelChallengeUITests.release.xcconfig */;
			buildSettings = {
				ALWAYS_EMBED_SWIFT_STANDARD_LIBRARIES = YES;
				CODE_SIGN_STYLE = Automatic;
				INFOPLIST_FILE = TravelChallengeUITests/Info.plist;
				LD_RUNPATH_SEARCH_PATHS = (
					"$(inherited)",
					"@executable_path/Frameworks",
					"@loader_path/Frameworks",
				);
				PRODUCT_BUNDLE_IDENTIFIER = br.ifce.academy.dp.TravelChallengeUITests;
				PRODUCT_NAME = "$(TARGET_NAME)";
				SWIFT_VERSION = 4.0;
				TARGETED_DEVICE_FAMILY = "1,2";
				TEST_TARGET_NAME = TravelChallenge;
			};
			name = Release;
		};
/* End XCBuildConfiguration section */

/* Begin XCConfigurationList section */
		2CABAF1B2135C011009F54D6 /* Build configuration list for PBXProject "TravelChallenge" */ = {
			isa = XCConfigurationList;
			buildConfigurations = (
				2CABAF492135C012009F54D6 /* Debug */,
				2CABAF4A2135C012009F54D6 /* Release */,
			);
			defaultConfigurationIsVisible = 0;
			defaultConfigurationName = Release;
		};
		2CABAF4B2135C012009F54D6 /* Build configuration list for PBXNativeTarget "TravelChallenge" */ = {
			isa = XCConfigurationList;
			buildConfigurations = (
				2CABAF4C2135C012009F54D6 /* Debug */,
				2CABAF4D2135C012009F54D6 /* Release */,
			);
			defaultConfigurationIsVisible = 0;
			defaultConfigurationName = Release;
		};
		2CABAF4E2135C012009F54D6 /* Build configuration list for PBXNativeTarget "TravelChallengeTests" */ = {
			isa = XCConfigurationList;
			buildConfigurations = (
				2CABAF4F2135C012009F54D6 /* Debug */,
				2CABAF502135C012009F54D6 /* Release */,
			);
			defaultConfigurationIsVisible = 0;
			defaultConfigurationName = Release;
		};
		2CABAF512135C012009F54D6 /* Build configuration list for PBXNativeTarget "TravelChallengeUITests" */ = {
			isa = XCConfigurationList;
			buildConfigurations = (
				2CABAF522135C012009F54D6 /* Debug */,
				2CABAF532135C012009F54D6 /* Release */,
			);
			defaultConfigurationIsVisible = 0;
			defaultConfigurationName = Release;
		};
/* End XCConfigurationList section */

/* Begin XCVersionGroup section */
		2CABAF2A2135C011009F54D6 /* TravelChallenge.xcdatamodeld */ = {
			isa = XCVersionGroup;
			children = (
				2CABAF2B2135C011009F54D6 /* TravelChallenge.xcdatamodel */,
			);
			currentVersion = 2CABAF2B2135C011009F54D6 /* TravelChallenge.xcdatamodel */;
			path = TravelChallenge.xcdatamodeld;
			sourceTree = "<group>";
			versionGroupType = wrapper.xcdatamodel;
		};
/* End XCVersionGroup section */
	};
	rootObject = 2CABAF182135C010009F54D6 /* Project object */;
}
